// !$*UTF8*$!
{
	archiveVersion = 1;
	classes = {
	};
	objectVersion = 46;
	objects = {

/* Begin PBXBuildFile section */
		26F7663A180AE59C00557A15 /* Foundation.framework in Frameworks */ = {isa = PBXBuildFile; fileRef = 26F76639180AE59C00557A15 /* Foundation.framework */; };
		26F7663C180AE59C00557A15 /* CoreGraphics.framework in Frameworks */ = {isa = PBXBuildFile; fileRef = 26F7663B180AE59C00557A15 /* CoreGraphics.framework */; };
		26F7663E180AE59C00557A15 /* UIKit.framework in Frameworks */ = {isa = PBXBuildFile; fileRef = 26F7663D180AE59C00557A15 /* UIKit.framework */; };
		26F76644180AE59C00557A15 /* InfoPlist.strings in Resources */ = {isa = PBXBuildFile; fileRef = 26F76642180AE59C00557A15 /* InfoPlist.strings */; };
		26F76646180AE59C00557A15 /* main.m in Sources */ = {isa = PBXBuildFile; fileRef = 26F76645180AE59C00557A15 /* main.m */; };
		26F7664C180AE59C00557A15 /* Images.xcassets in Resources */ = {isa = PBXBuildFile; fileRef = 26F7664B180AE59C00557A15 /* Images.xcassets */; };
		26F76653180AE59C00557A15 /* XCTest.framework in Frameworks */ = {isa = PBXBuildFile; fileRef = 26F76652180AE59C00557A15 /* XCTest.framework */; };
		26F76654180AE59C00557A15 /* Foundation.framework in Frameworks */ = {isa = PBXBuildFile; fileRef = 26F76639180AE59C00557A15 /* Foundation.framework */; };
		26F76655180AE59C00557A15 /* UIKit.framework in Frameworks */ = {isa = PBXBuildFile; fileRef = 26F7663D180AE59C00557A15 /* UIKit.framework */; };
		26F7665D180AE59C00557A15 /* InfoPlist.strings in Resources */ = {isa = PBXBuildFile; fileRef = 26F7665B180AE59C00557A15 /* InfoPlist.strings */; };
		26F76678180AE5E700557A15 /* AppDelegate.m in Sources */ = {isa = PBXBuildFile; fileRef = 26F76669180AE5E700557A15 /* AppDelegate.m */; };
		26F76679180AE5E700557A15 /* Board.m in Sources */ = {isa = PBXBuildFile; fileRef = 26F7666B180AE5E700557A15 /* Board.m */; };
		26F7667A180AE5E700557A15 /* BoardView.m in Sources */ = {isa = PBXBuildFile; fileRef = 26F7666D180AE5E700557A15 /* BoardView.m */; };
		26F7667B180AE5E700557A15 /* BoardViewController.m in Sources */ = {isa = PBXBuildFile; fileRef = 26F7666F180AE5E700557A15 /* BoardViewController.m */; };
		26F7667C180AE5E700557A15 /* BoardViewController.xib in Resources */ = {isa = PBXBuildFile; fileRef = 26F76670180AE5E700557A15 /* BoardViewController.xib */; };
		26F7667D180AE5E700557A15 /* Default-568h@2x.png in Resources */ = {isa = PBXBuildFile; fileRef = 26F76671180AE5E700557A15 /* Default-568h@2x.png */; };
		26F7667E180AE5E700557A15 /* Default.png in Resources */ = {isa = PBXBuildFile; fileRef = 26F76672180AE5E700557A15 /* Default.png */; };
		26F7667F180AE5E700557A15 /* Default@2x.png in Resources */ = {isa = PBXBuildFile; fileRef = 26F76673180AE5E700557A15 /* Default@2x.png */; };
		26F76680180AE5E700557A15 /* DropLocation.m in Sources */ = {isa = PBXBuildFile; fileRef = 26F76675180AE5E700557A15 /* DropLocation.m */; };
		26F76681180AE5E700557A15 /* DropLocationView.m in Sources */ = {isa = PBXBuildFile; fileRef = 26F76677180AE5E700557A15 /* DropLocationView.m */; };
		26F76688180AE60D00557A15 /* Stone.m in Sources */ = {isa = PBXBuildFile; fileRef = 26F76683180AE60D00557A15 /* Stone.m */; };
		26F76689180AE60D00557A15 /* StoneView.m in Sources */ = {isa = PBXBuildFile; fileRef = 26F76685180AE60D00557A15 /* StoneView.m */; };
		26F7668A180AE60D00557A15 /* UIView+RemoveSubiews.m in Sources */ = {isa = PBXBuildFile; fileRef = 26F76687180AE60D00557A15 /* UIView+RemoveSubiews.m */; };
		26F76690180AE62900557A15 /* Game.m in Sources */ = {isa = PBXBuildFile; fileRef = 26F7668C180AE62900557A15 /* Game.m */; };
		26F76691180AE62900557A15 /* Player.m in Sources */ = {isa = PBXBuildFile; fileRef = 26F7668E180AE62900557A15 /* Player.m */; };
		26F76696180AE64600557A15 /* Board+Testing.m in Sources */ = {isa = PBXBuildFile; fileRef = 26F76693180AE64600557A15 /* Board+Testing.m */; };
		26F76697180AE64600557A15 /* BoardTest.m in Sources */ = {isa = PBXBuildFile; fileRef = 26F76694180AE64600557A15 /* BoardTest.m */; };
		26F76698180AE64600557A15 /* BoardViewControllerTest.m in Sources */ = {isa = PBXBuildFile; fileRef = 26F76695180AE64600557A15 /* BoardViewControllerTest.m */; };
		26F7669B180AE65000557A15 /* GameTest.m in Sources */ = {isa = PBXBuildFile; fileRef = 26F76699180AE65000557A15 /* GameTest.m */; };
		26F7669C180AE65000557A15 /* StoneTest.m in Sources */ = {isa = PBXBuildFile; fileRef = 26F7669A180AE65000557A15 /* StoneTest.m */; };
		26F7669E180AE6A900557A15 /* OCHamcrestIOS.framework in Frameworks */ = {isa = PBXBuildFile; fileRef = 26F7669D180AE6A900557A15 /* OCHamcrestIOS.framework */; };
		26F766A0180AE6BE00557A15 /* OCMockitoIOS.framework in Frameworks */ = {isa = PBXBuildFile; fileRef = 26F7669F180AE6BE00557A15 /* OCMockitoIOS.framework */; };
/* End PBXBuildFile section */

/* Begin PBXContainerItemProxy section */
		26F76656180AE59C00557A15 /* PBXContainerItemProxy */ = {
			isa = PBXContainerItemProxy;
			containerPortal = 26F7662E180AE59C00557A15 /* Project object */;
			proxyType = 1;
			remoteGlobalIDString = 26F76635180AE59C00557A15;
			remoteInfo = Qwirkle;
		};
/* End PBXContainerItemProxy section */

/* Begin PBXFileReference section */
		26F76636180AE59C00557A15 /* Qwirkle.app */ = {isa = PBXFileReference; explicitFileType = wrapper.application; includeInIndex = 0; path = Qwirkle.app; sourceTree = BUILT_PRODUCTS_DIR; };
		26F76639180AE59C00557A15 /* Foundation.framework */ = {isa = PBXFileReference; lastKnownFileType = wrapper.framework; name = Foundation.framework; path = System/Library/Frameworks/Foundation.framework; sourceTree = SDKROOT; };
		26F7663B180AE59C00557A15 /* CoreGraphics.framework */ = {isa = PBXFileReference; lastKnownFileType = wrapper.framework; name = CoreGraphics.framework; path = System/Library/Frameworks/CoreGraphics.framework; sourceTree = SDKROOT; };
		26F7663D180AE59C00557A15 /* UIKit.framework */ = {isa = PBXFileReference; lastKnownFileType = wrapper.framework; name = UIKit.framework; path = System/Library/Frameworks/UIKit.framework; sourceTree = SDKROOT; };
		26F76641180AE59C00557A15 /* Qwirkle-Info.plist */ = {isa = PBXFileReference; lastKnownFileType = text.plist.xml; path = "Qwirkle-Info.plist"; sourceTree = "<group>"; };
		26F76643180AE59C00557A15 /* en */ = {isa = PBXFileReference; lastKnownFileType = text.plist.strings; name = en; path = en.lproj/InfoPlist.strings; sourceTree = "<group>"; };
		26F76645180AE59C00557A15 /* main.m */ = {isa = PBXFileReference; lastKnownFileType = sourcecode.c.objc; path = main.m; sourceTree = "<group>"; };
		26F76647180AE59C00557A15 /* Qwirkle-Prefix.pch */ = {isa = PBXFileReference; lastKnownFileType = sourcecode.c.h; path = "Qwirkle-Prefix.pch"; sourceTree = "<group>"; };
		26F7664B180AE59C00557A15 /* Images.xcassets */ = {isa = PBXFileReference; lastKnownFileType = folder.assetcatalog; path = Images.xcassets; sourceTree = "<group>"; };
		26F76651180AE59C00557A15 /* QwirkleTests.xctest */ = {isa = PBXFileReference; explicitFileType = wrapper.cfbundle; includeInIndex = 0; path = QwirkleTests.xctest; sourceTree = BUILT_PRODUCTS_DIR; };
		26F76652180AE59C00557A15 /* XCTest.framework */ = {isa = PBXFileReference; lastKnownFileType = wrapper.framework; name = XCTest.framework; path = Library/Frameworks/XCTest.framework; sourceTree = DEVELOPER_DIR; };
		26F7665A180AE59C00557A15 /* QwirkleTests-Info.plist */ = {isa = PBXFileReference; lastKnownFileType = text.plist.xml; path = "QwirkleTests-Info.plist"; sourceTree = "<group>"; };
		26F7665C180AE59C00557A15 /* en */ = {isa = PBXFileReference; lastKnownFileType = text.plist.strings; name = en; path = en.lproj/InfoPlist.strings; sourceTree = "<group>"; };
		26F76668180AE5E700557A15 /* AppDelegate.h */ = {isa = PBXFileReference; fileEncoding = 4; lastKnownFileType = sourcecode.c.h; path = AppDelegate.h; sourceTree = "<group>"; };
		26F76669180AE5E700557A15 /* AppDelegate.m */ = {isa = PBXFileReference; fileEncoding = 4; lastKnownFileType = sourcecode.c.objc; path = AppDelegate.m; sourceTree = "<group>"; };
		26F7666A180AE5E700557A15 /* Board.h */ = {isa = PBXFileReference; fileEncoding = 4; lastKnownFileType = sourcecode.c.h; path = Board.h; sourceTree = "<group>"; };
		26F7666B180AE5E700557A15 /* Board.m */ = {isa = PBXFileReference; fileEncoding = 4; lastKnownFileType = sourcecode.c.objc; path = Board.m; sourceTree = "<group>"; };
		26F7666C180AE5E700557A15 /* BoardView.h */ = {isa = PBXFileReference; fileEncoding = 4; lastKnownFileType = sourcecode.c.h; path = BoardView.h; sourceTree = "<group>"; };
		26F7666D180AE5E700557A15 /* BoardView.m */ = {isa = PBXFileReference; fileEncoding = 4; lastKnownFileType = sourcecode.c.objc; path = BoardView.m; sourceTree = "<group>"; };
		26F7666E180AE5E700557A15 /* BoardViewController.h */ = {isa = PBXFileReference; fileEncoding = 4; lastKnownFileType = sourcecode.c.h; path = BoardViewController.h; sourceTree = "<group>"; };
		26F7666F180AE5E700557A15 /* BoardViewController.m */ = {isa = PBXFileReference; fileEncoding = 4; lastKnownFileType = sourcecode.c.objc; path = BoardViewController.m; sourceTree = "<group>"; };
		26F76670180AE5E700557A15 /* BoardViewController.xib */ = {isa = PBXFileReference; fileEncoding = 4; lastKnownFileType = file.xib; path = BoardViewController.xib; sourceTree = "<group>"; };
		26F76671180AE5E700557A15 /* Default-568h@2x.png */ = {isa = PBXFileReference; lastKnownFileType = image.png; path = "Default-568h@2x.png"; sourceTree = "<group>"; };
		26F76672180AE5E700557A15 /* Default.png */ = {isa = PBXFileReference; lastKnownFileType = image.png; path = Default.png; sourceTree = "<group>"; };
		26F76673180AE5E700557A15 /* Default@2x.png */ = {isa = PBXFileReference; lastKnownFileType = image.png; path = "Default@2x.png"; sourceTree = "<group>"; };
		26F76674180AE5E700557A15 /* DropLocation.h */ = {isa = PBXFileReference; fileEncoding = 4; lastKnownFileType = sourcecode.c.h; path = DropLocation.h; sourceTree = "<group>"; };
		26F76675180AE5E700557A15 /* DropLocation.m */ = {isa = PBXFileReference; fileEncoding = 4; lastKnownFileType = sourcecode.c.objc; path = DropLocation.m; sourceTree = "<group>"; };
		26F76676180AE5E700557A15 /* DropLocationView.h */ = {isa = PBXFileReference; fileEncoding = 4; lastKnownFileType = sourcecode.c.h; path = DropLocationView.h; sourceTree = "<group>"; };
		26F76677180AE5E700557A15 /* DropLocationView.m */ = {isa = PBXFileReference; fileEncoding = 4; lastKnownFileType = sourcecode.c.objc; path = DropLocationView.m; sourceTree = "<group>"; };
		26F76682180AE60D00557A15 /* Stone.h */ = {isa = PBXFileReference; fileEncoding = 4; lastKnownFileType = sourcecode.c.h; path = Stone.h; sourceTree = "<group>"; };
		26F76683180AE60D00557A15 /* Stone.m */ = {isa = PBXFileReference; fileEncoding = 4; lastKnownFileType = sourcecode.c.objc; path = Stone.m; sourceTree = "<group>"; };
		26F76684180AE60D00557A15 /* StoneView.h */ = {isa = PBXFileReference; fileEncoding = 4; lastKnownFileType = sourcecode.c.h; path = StoneView.h; sourceTree = "<group>"; };
		26F76685180AE60D00557A15 /* StoneView.m */ = {isa = PBXFileReference; fileEncoding = 4; lastKnownFileType = sourcecode.c.objc; path = StoneView.m; sourceTree = "<group>"; };
		26F76686180AE60D00557A15 /* UIView+RemoveSubiews.h */ = {isa = PBXFileReference; fileEncoding = 4; lastKnownFileType = sourcecode.c.h; path = "UIView+RemoveSubiews.h"; sourceTree = "<group>"; };
		26F76687180AE60D00557A15 /* UIView+RemoveSubiews.m */ = {isa = PBXFileReference; fileEncoding = 4; lastKnownFileType = sourcecode.c.objc; path = "UIView+RemoveSubiews.m"; sourceTree = "<group>"; };
		26F7668B180AE62900557A15 /* Game.h */ = {isa = PBXFileReference; fileEncoding = 4; lastKnownFileType = sourcecode.c.h; path = Game.h; sourceTree = "<group>"; };
		26F7668C180AE62900557A15 /* Game.m */ = {isa = PBXFileReference; fileEncoding = 4; lastKnownFileType = sourcecode.c.objc; path = Game.m; sourceTree = "<group>"; };
		26F7668D180AE62900557A15 /* Player.h */ = {isa = PBXFileReference; fileEncoding = 4; lastKnownFileType = sourcecode.c.h; path = Player.h; sourceTree = "<group>"; };
		26F7668E180AE62900557A15 /* Player.m */ = {isa = PBXFileReference; fileEncoding = 4; lastKnownFileType = sourcecode.c.objc; path = Player.m; sourceTree = "<group>"; };
		26F7668F180AE62900557A15 /* PointGeometry.h */ = {isa = PBXFileReference; fileEncoding = 4; lastKnownFileType = sourcecode.c.h; path = PointGeometry.h; sourceTree = "<group>"; };
		26F76692180AE64600557A15 /* Board+Testing.h */ = {isa = PBXFileReference; fileEncoding = 4; lastKnownFileType = sourcecode.c.h; path = "Board+Testing.h"; sourceTree = "<group>"; };
		26F76693180AE64600557A15 /* Board+Testing.m */ = {isa = PBXFileReference; fileEncoding = 4; lastKnownFileType = sourcecode.c.objc; path = "Board+Testing.m"; sourceTree = "<group>"; };
		26F76694180AE64600557A15 /* BoardTest.m */ = {isa = PBXFileReference; fileEncoding = 4; lastKnownFileType = sourcecode.c.objc; path = BoardTest.m; sourceTree = "<group>"; };
		26F76695180AE64600557A15 /* BoardViewControllerTest.m */ = {isa = PBXFileReference; fileEncoding = 4; lastKnownFileType = sourcecode.c.objc; path = BoardViewControllerTest.m; sourceTree = "<group>"; };
		26F76699180AE65000557A15 /* GameTest.m */ = {isa = PBXFileReference; fileEncoding = 4; lastKnownFileType = sourcecode.c.objc; path = GameTest.m; sourceTree = "<group>"; };
		26F7669A180AE65000557A15 /* StoneTest.m */ = {isa = PBXFileReference; fileEncoding = 4; lastKnownFileType = sourcecode.c.objc; path = StoneTest.m; sourceTree = "<group>"; };
		26F7669D180AE6A900557A15 /* OCHamcrestIOS.framework */ = {isa = PBXFileReference; lastKnownFileType = wrapper.framework; path = OCHamcrestIOS.framework; sourceTree = "<group>"; };
		26F7669F180AE6BE00557A15 /* OCMockitoIOS.framework */ = {isa = PBXFileReference; lastKnownFileType = wrapper.framework; path = OCMockitoIOS.framework; sourceTree = "<group>"; };
/* End PBXFileReference section */

/* Begin PBXFrameworksBuildPhase section */
		26F76633180AE59C00557A15 /* Frameworks */ = {
			isa = PBXFrameworksBuildPhase;
			buildActionMask = 2147483647;
			files = (
				26F7663C180AE59C00557A15 /* CoreGraphics.framework in Frameworks */,
				26F7663E180AE59C00557A15 /* UIKit.framework in Frameworks */,
				26F7663A180AE59C00557A15 /* Foundation.framework in Frameworks */,
			);
			runOnlyForDeploymentPostprocessing = 0;
		};
		26F7664E180AE59C00557A15 /* Frameworks */ = {
			isa = PBXFrameworksBuildPhase;
			buildActionMask = 2147483647;
			files = (
				26F76653180AE59C00557A15 /* XCTest.framework in Frameworks */,
				26F76655180AE59C00557A15 /* UIKit.framework in Frameworks */,
				26F76654180AE59C00557A15 /* Foundation.framework in Frameworks */,
				26F7669E180AE6A900557A15 /* OCHamcrestIOS.framework in Frameworks */,
				26F766A0180AE6BE00557A15 /* OCMockitoIOS.framework in Frameworks */,
			);
			runOnlyForDeploymentPostprocessing = 0;
		};
/* End PBXFrameworksBuildPhase section */

/* Begin PBXGroup section */
		26F7662D180AE59C00557A15 = {
			isa = PBXGroup;
			children = (
				26F7663F180AE59C00557A15 /* Qwirkle */,
				26F76658180AE59C00557A15 /* QwirkleTests */,
				26F76638180AE59C00557A15 /* Frameworks */,
				26F76637180AE59C00557A15 /* Products */,
			);
			sourceTree = "<group>";
		};
		26F76637180AE59C00557A15 /* Products */ = {
			isa = PBXGroup;
			children = (
				26F76636180AE59C00557A15 /* Qwirkle.app */,
				26F76651180AE59C00557A15 /* QwirkleTests.xctest */,
			);
			name = Products;
			sourceTree = "<group>";
		};
		26F76638180AE59C00557A15 /* Frameworks */ = {
			isa = PBXGroup;
			children = (
				26F7669F180AE6BE00557A15 /* OCMockitoIOS.framework */,
				26F7669D180AE6A900557A15 /* OCHamcrestIOS.framework */,
				26F76639180AE59C00557A15 /* Foundation.framework */,
				26F7663B180AE59C00557A15 /* CoreGraphics.framework */,
				26F7663D180AE59C00557A15 /* UIKit.framework */,
				26F76652180AE59C00557A15 /* XCTest.framework */,
			);
			name = Frameworks;
			sourceTree = "<group>";
		};
		26F7663F180AE59C00557A15 /* Qwirkle */ = {
			isa = PBXGroup;
			children = (
				26F7668B180AE62900557A15 /* Game.h */,
				26F7668C180AE62900557A15 /* Game.m */,
				26F7668D180AE62900557A15 /* Player.h */,
				26F7668E180AE62900557A15 /* Player.m */,
				26F7668F180AE62900557A15 /* PointGeometry.h */,
				26F76668180AE5E700557A15 /* AppDelegate.h */,
				26F76669180AE5E700557A15 /* AppDelegate.m */,
				26F7666A180AE5E700557A15 /* Board.h */,
				26F7666B180AE5E700557A15 /* Board.m */,
				26F7666C180AE5E700557A15 /* BoardView.h */,
				26F7666D180AE5E700557A15 /* BoardView.m */,
				26F7666E180AE5E700557A15 /* BoardViewController.h */,
				26F7666F180AE5E700557A15 /* BoardViewController.m */,
				26F76670180AE5E700557A15 /* BoardViewController.xib */,
				26F76671180AE5E700557A15 /* Default-568h@2x.png */,
				26F76672180AE5E700557A15 /* Default.png */,
				26F76673180AE5E700557A15 /* Default@2x.png */,
				26F76674180AE5E700557A15 /* DropLocation.h */,
				26F76675180AE5E700557A15 /* DropLocation.m */,
				26F76676180AE5E700557A15 /* DropLocationView.h */,
				26F76677180AE5E700557A15 /* DropLocationView.m */,
				26F7664B180AE59C00557A15 /* Images.xcassets */,
				26F76682180AE60D00557A15 /* Stone.h */,
				26F76683180AE60D00557A15 /* Stone.m */,
				26F76684180AE60D00557A15 /* StoneView.h */,
				26F76685180AE60D00557A15 /* StoneView.m */,
				26F76686180AE60D00557A15 /* UIView+RemoveSubiews.h */,
				26F76687180AE60D00557A15 /* UIView+RemoveSubiews.m */,
				26F76640180AE59C00557A15 /* Supporting Files */,
			);
			path = Qwirkle;
			sourceTree = "<group>";
		};
		26F76640180AE59C00557A15 /* Supporting Files */ = {
			isa = PBXGroup;
			children = (
				26F76641180AE59C00557A15 /* Qwirkle-Info.plist */,
				26F76642180AE59C00557A15 /* InfoPlist.strings */,
				26F76645180AE59C00557A15 /* main.m */,
				26F76647180AE59C00557A15 /* Qwirkle-Prefix.pch */,
			);
			name = "Supporting Files";
			sourceTree = "<group>";
		};
		26F76658180AE59C00557A15 /* QwirkleTests */ = {
			isa = PBXGroup;
			children = (
				26F76692180AE64600557A15 /* Board+Testing.h */,
				26F76693180AE64600557A15 /* Board+Testing.m */,
				26F76694180AE64600557A15 /* BoardTest.m */,
				26F76695180AE64600557A15 /* BoardViewControllerTest.m */,
				26F76699180AE65000557A15 /* GameTest.m */,
				26F7669A180AE65000557A15 /* StoneTest.m */,
				26F76659180AE59C00557A15 /* Supporting Files */,
			);
			path = QwirkleTests;
			sourceTree = "<group>";
		};
		26F76659180AE59C00557A15 /* Supporting Files */ = {
			isa = PBXGroup;
			children = (
				26F7665A180AE59C00557A15 /* QwirkleTests-Info.plist */,
				26F7665B180AE59C00557A15 /* InfoPlist.strings */,
			);
			name = "Supporting Files";
			sourceTree = "<group>";
		};
/* End PBXGroup section */

/* Begin PBXNativeTarget section */
		26F76635180AE59C00557A15 /* Qwirkle */ = {
			isa = PBXNativeTarget;
			buildConfigurationList = 26F76662180AE59C00557A15 /* Build configuration list for PBXNativeTarget "Qwirkle" */;
			buildPhases = (
				26F76632180AE59C00557A15 /* Sources */,
				26F76633180AE59C00557A15 /* Frameworks */,
				26F76634180AE59C00557A15 /* Resources */,
			);
			buildRules = (
			);
			dependencies = (
			);
			name = Qwirkle;
			productName = Qwirkle;
			productReference = 26F76636180AE59C00557A15 /* Qwirkle.app */;
			productType = "com.apple.product-type.application";
		};
		26F76650180AE59C00557A15 /* QwirkleTests */ = {
			isa = PBXNativeTarget;
			buildConfigurationList = 26F76665180AE59C00557A15 /* Build configuration list for PBXNativeTarget "QwirkleTests" */;
			buildPhases = (
				26F7664D180AE59C00557A15 /* Sources */,
				26F7664E180AE59C00557A15 /* Frameworks */,
				26F7664F180AE59C00557A15 /* Resources */,
			);
			buildRules = (
			);
			dependencies = (
				26F76657180AE59C00557A15 /* PBXTargetDependency */,
			);
			name = QwirkleTests;
			productName = QwirkleTests;
			productReference = 26F76651180AE59C00557A15 /* QwirkleTests.xctest */;
			productType = "com.apple.product-type.bundle.unit-test";
		};
/* End PBXNativeTarget section */

/* Begin PBXProject section */
		26F7662E180AE59C00557A15 /* Project object */ = {
			isa = PBXProject;
			attributes = {
				LastUpgradeCheck = 0500;
				ORGANIZATIONNAME = "Sven Günther";
				TargetAttributes = {
					26F76650180AE59C00557A15 = {
						TestTargetID = 26F76635180AE59C00557A15 /* Qwirkle */;
					};
				};
			};
			buildConfigurationList = 26F76631180AE59C00557A15 /* Build configuration list for PBXProject "Qwirkle" */;
			compatibilityVersion = "Xcode 3.2";
			developmentRegion = English;
			hasScannedForEncodings = 0;
			knownRegions = (
				en,
			);
			mainGroup = 26F7662D180AE59C00557A15;
			productRefGroup = 26F76637180AE59C00557A15 /* Products */;
			projectDirPath = "";
			projectRoot = "";
			targets = (
				26F76635180AE59C00557A15 /* Qwirkle */,
				26F76650180AE59C00557A15 /* QwirkleTests */,
			);
		};
/* End PBXProject section */

/* Begin PBXResourcesBuildPhase section */
		26F76634180AE59C00557A15 /* Resources */ = {
			isa = PBXResourcesBuildPhase;
			buildActionMask = 2147483647;
			files = (
				26F7667F180AE5E700557A15 /* Default@2x.png in Resources */,
				26F76644180AE59C00557A15 /* InfoPlist.strings in Resources */,
				26F7667D180AE5E700557A15 /* Default-568h@2x.png in Resources */,
				26F7667C180AE5E700557A15 /* BoardViewController.xib in Resources */,
				26F7664C180AE59C00557A15 /* Images.xcassets in Resources */,
				26F7667E180AE5E700557A15 /* Default.png in Resources */,
			);
			runOnlyForDeploymentPostprocessing = 0;
		};
		26F7664F180AE59C00557A15 /* Resources */ = {
			isa = PBXResourcesBuildPhase;
			buildActionMask = 2147483647;
			files = (
				26F7665D180AE59C00557A15 /* InfoPlist.strings in Resources */,
			);
			runOnlyForDeploymentPostprocessing = 0;
		};
/* End PBXResourcesBuildPhase section */

/* Begin PBXSourcesBuildPhase section */
		26F76632180AE59C00557A15 /* Sources */ = {
			isa = PBXSourcesBuildPhase;
			buildActionMask = 2147483647;
			files = (
				26F76689180AE60D00557A15 /* StoneView.m in Sources */,
				26F76690180AE62900557A15 /* Game.m in Sources */,
				26F7668A180AE60D00557A15 /* UIView+RemoveSubiews.m in Sources */,
				26F76679180AE5E700557A15 /* Board.m in Sources */,
				26F76691180AE62900557A15 /* Player.m in Sources */,
				26F7667B180AE5E700557A15 /* BoardViewController.m in Sources */,
				26F7667A180AE5E700557A15 /* BoardView.m in Sources */,
				26F76688180AE60D00557A15 /* Stone.m in Sources */,
				26F76680180AE5E700557A15 /* DropLocation.m in Sources */,
				26F76681180AE5E700557A15 /* DropLocationView.m in Sources */,
				26F76678180AE5E700557A15 /* AppDelegate.m in Sources */,
				26F76646180AE59C00557A15 /* main.m in Sources */,
			);
			runOnlyForDeploymentPostprocessing = 0;
		};
		26F7664D180AE59C00557A15 /* Sources */ = {
			isa = PBXSourcesBuildPhase;
			buildActionMask = 2147483647;
			files = (
				26F7669C180AE65000557A15 /* StoneTest.m in Sources */,
				26F76697180AE64600557A15 /* BoardTest.m in Sources */,
				26F76698180AE64600557A15 /* BoardViewControllerTest.m in Sources */,
				26F76696180AE64600557A15 /* Board+Testing.m in Sources */,
				26F7669B180AE65000557A15 /* GameTest.m in Sources */,
			);
			runOnlyForDeploymentPostprocessing = 0;
		};
/* End PBXSourcesBuildPhase section */

/* Begin PBXTargetDependency section */
		26F76657180AE59C00557A15 /* PBXTargetDependency */ = {
			isa = PBXTargetDependency;
			target = 26F76635180AE59C00557A15 /* Qwirkle */;
			targetProxy = 26F76656180AE59C00557A15 /* PBXContainerItemProxy */;
		};
/* End PBXTargetDependency section */

/* Begin PBXVariantGroup section */
		26F76642180AE59C00557A15 /* InfoPlist.strings */ = {
			isa = PBXVariantGroup;
			children = (
				26F76643180AE59C00557A15 /* en */,
			);
			name = InfoPlist.strings;
			sourceTree = "<group>";
		};
		26F7665B180AE59C00557A15 /* InfoPlist.strings */ = {
			isa = PBXVariantGroup;
			children = (
				26F7665C180AE59C00557A15 /* en */,
			);
			name = InfoPlist.strings;
			sourceTree = "<group>";
		};
/* End PBXVariantGroup section */

/* Begin XCBuildConfiguration section */
		26F76660180AE59C00557A15 /* Debug */ = {
			isa = XCBuildConfiguration;
			buildSettings = {
				ALWAYS_SEARCH_USER_PATHS = NO;
				CLANG_CXX_LANGUAGE_STANDARD = "gnu++0x";
				CLANG_CXX_LIBRARY = "libc++";
				CLANG_ENABLE_MODULES = YES;
				CLANG_ENABLE_OBJC_ARC = YES;
				CLANG_WARN_BOOL_CONVERSION = YES;
				CLANG_WARN_CONSTANT_CONVERSION = YES;
				CLANG_WARN_DIRECT_OBJC_ISA_USAGE = YES_ERROR;
				CLANG_WARN_EMPTY_BODY = YES;
				CLANG_WARN_ENUM_CONVERSION = YES;
				CLANG_WARN_INT_CONVERSION = YES;
				CLANG_WARN_OBJC_ROOT_CLASS = YES_ERROR;
				CLANG_WARN__DUPLICATE_METHOD_MATCH = YES;
				"CODE_SIGN_IDENTITY[sdk=iphoneos*]" = "iPhone Developer";
				COPY_PHASE_STRIP = NO;
				GCC_C_LANGUAGE_STANDARD = gnu99;
				GCC_DYNAMIC_NO_PIC = NO;
				GCC_OPTIMIZATION_LEVEL = 0;
				GCC_PREPROCESSOR_DEFINITIONS = (
					"DEBUG=1",
					"$(inherited)",
				);
				GCC_SYMBOLS_PRIVATE_EXTERN = NO;
				GCC_WARN_64_TO_32_BIT_CONVERSION = YES;
				GCC_WARN_ABOUT_RETURN_TYPE = YES_ERROR;
				GCC_WARN_UNDECLARED_SELECTOR = YES;
				GCC_WARN_UNINITIALIZED_AUTOS = YES;
				GCC_WARN_UNUSED_FUNCTION = YES;
				GCC_WARN_UNUSED_VARIABLE = YES;
				IPHONEOS_DEPLOYMENT_TARGET = 7.0;
				ONLY_ACTIVE_ARCH = YES;
				SDKROOT = iphoneos;
				TARGETED_DEVICE_FAMILY = 2;
			};
			name = Debug;
		};
		26F76661180AE59C00557A15 /* Release */ = {
			isa = XCBuildConfiguration;
			buildSettings = {
				ALWAYS_SEARCH_USER_PATHS = NO;
				CLANG_CXX_LANGUAGE_STANDARD = "gnu++0x";
				CLANG_CXX_LIBRARY = "libc++";
				CLANG_ENABLE_MODULES = YES;
				CLANG_ENABLE_OBJC_ARC = YES;
				CLANG_WARN_BOOL_CONVERSION = YES;
				CLANG_WARN_CONSTANT_CONVERSION = YES;
				CLANG_WARN_DIRECT_OBJC_ISA_USAGE = YES_ERROR;
				CLANG_WARN_EMPTY_BODY = YES;
				CLANG_WARN_ENUM_CONVERSION = YES;
				CLANG_WARN_INT_CONVERSION = YES;
				CLANG_WARN_OBJC_ROOT_CLASS = YES_ERROR;
				CLANG_WARN__DUPLICATE_METHOD_MATCH = YES;
				"CODE_SIGN_IDENTITY[sdk=iphoneos*]" = "iPhone Developer";
				COPY_PHASE_STRIP = YES;
				ENABLE_NS_ASSERTIONS = NO;
				GCC_C_LANGUAGE_STANDARD = gnu99;
				GCC_WARN_64_TO_32_BIT_CONVERSION = YES;
				GCC_WARN_ABOUT_RETURN_TYPE = YES_ERROR;
				GCC_WARN_UNDECLARED_SELECTOR = YES;
				GCC_WARN_UNINITIALIZED_AUTOS = YES;
				GCC_WARN_UNUSED_FUNCTION = YES;
				GCC_WARN_UNUSED_VARIABLE = YES;
				IPHONEOS_DEPLOYMENT_TARGET = 7.0;
				SDKROOT = iphoneos;
				TARGETED_DEVICE_FAMILY = 2;
				VALIDATE_PRODUCT = YES;
			};
			name = Release;
		};
		26F76663180AE59C00557A15 /* Debug */ = {
			isa = XCBuildConfiguration;
			buildSettings = {
				ASSETCATALOG_COMPILER_APPICON_NAME = AppIcon;
				ASSETCATALOG_COMPILER_LAUNCHIMAGE_NAME = LaunchImage;
				GCC_PRECOMPILE_PREFIX_HEADER = YES;
				GCC_PREFIX_HEADER = "Qwirkle/Qwirkle-Prefix.pch";
				INFOPLIST_FILE = "Qwirkle/Qwirkle-Info.plist";
				PRODUCT_NAME = "$(TARGET_NAME)";
				WRAPPER_EXTENSION = app;
			};
			name = Debug;
		};
		26F76664180AE59C00557A15 /* Release */ = {
			isa = XCBuildConfiguration;
			buildSettings = {
				ASSETCATALOG_COMPILER_APPICON_NAME = AppIcon;
				ASSETCATALOG_COMPILER_LAUNCHIMAGE_NAME = LaunchImage;
				GCC_PRECOMPILE_PREFIX_HEADER = YES;
				GCC_PREFIX_HEADER = "Qwirkle/Qwirkle-Prefix.pch";
				INFOPLIST_FILE = "Qwirkle/Qwirkle-Info.plist";
				PRODUCT_NAME = "$(TARGET_NAME)";
				WRAPPER_EXTENSION = app;
			};
			name = Release;
		};
		26F76666180AE59C00557A15 /* Debug */ = {
			isa = XCBuildConfiguration;
			buildSettings = {
				BUNDLE_LOADER = "$(BUILT_PRODUCTS_DIR)/Qwirkle.app/Qwirkle";
				FRAMEWORK_SEARCH_PATHS = (
					"$(SDKROOT)/Developer/Library/Frameworks",
					"$(inherited)",
					"$(DEVELOPER_FRAMEWORKS_DIR)",
					/Users/sven/development/Qwirkle,
				);
				GCC_PRECOMPILE_PREFIX_HEADER = YES;
				GCC_PREFIX_HEADER = "Qwirkle/Qwirkle-Prefix.pch";
				GCC_PREPROCESSOR_DEFINITIONS = (
					"DEBUG=1",
					"$(inherited)",
				);
				INFOPLIST_FILE = "QwirkleTests/QwirkleTests-Info.plist";
				PRODUCT_NAME = "$(TARGET_NAME)";
				TEST_HOST = "$(BUNDLE_LOADER)";
				WRAPPER_EXTENSION = xctest;
			};
			name = Debug;
		};
		26F76667180AE59C00557A15 /* Release */ = {
			isa = XCBuildConfiguration;
			buildSettings = {
				BUNDLE_LOADER = "$(BUILT_PRODUCTS_DIR)/Qwirkle.app/Qwirkle";
				FRAMEWORK_SEARCH_PATHS = (
					"$(SDKROOT)/Developer/Library/Frameworks",
					"$(inherited)",
					"$(DEVELOPER_FRAMEWORKS_DIR)",
					/Users/sven/development/Qwirkle,
				);
				GCC_PRECOMPILE_PREFIX_HEADER = YES;
				GCC_PREFIX_HEADER = "Qwirkle/Qwirkle-Prefix.pch";
				INFOPLIST_FILE = "QwirkleTests/QwirkleTests-Info.plist";
				PRODUCT_NAME = "$(TARGET_NAME)";
				TEST_HOST = "$(BUNDLE_LOADER)";
				WRAPPER_EXTENSION = xctest;
			};
			name = Release;
		};
/* End XCBuildConfiguration section */

/* Begin XCConfigurationList section */
		26F76631180AE59C00557A15 /* Build configuration list for PBXProject "Qwirkle" */ = {
			isa = XCConfigurationList;
			buildConfigurations = (
				26F76660180AE59C00557A15 /* Debug */,
				26F76661180AE59C00557A15 /* Release */,
			);
			defaultConfigurationIsVisible = 0;
			defaultConfigurationName = Release;
		};
		26F76662180AE59C00557A15 /* Build configuration list for PBXNativeTarget "Qwirkle" */ = {
			isa = XCConfigurationList;
			buildConfigurations = (
				26F76663180AE59C00557A15 /* Debug */,
				26F76664180AE59C00557A15 /* Release */,
			);
			defaultConfigurationIsVisible = 0;
			defaultConfigurationName = Release;
		};
		26F76665180AE59C00557A15 /* Build configuration list for PBXNativeTarget "QwirkleTests" */ = {
			isa = XCConfigurationList;
			buildConfigurations = (
				26F76666180AE59C00557A15 /* Debug */,
				26F76667180AE59C00557A15 /* Release */,
			);
			defaultConfigurationIsVisible = 0;
			defaultConfigurationName = Release;
		};
/* End XCConfigurationList section */
	};
	rootObject = 26F7662E180AE59C00557A15 /* Project object */;
}
